
Microsoft Visual Studio Solution File, Format Version 12.00
# Visual Studio 14
VisualStudioVersion = 14.0.25420.1
MinimumVisualStudioVersion = 10.0.40219.1
Project("{D2ABAB84-BF74-430A-B69E-9DC6D40DDA17}") = "MultidimensionalProject1", "MultidimensionalProject1\MultidimensionalProject1.dwproj", "{D08DE1DA-7E8D-4152-B706-D310535C76FD}"
EndProject
Project("{00D1A9C2-B5F0-4AF3-8072-F6C62B433612}") = "Database1", "Database1\Database1.sqlproj", "{52F4D224-C503-4BFE-A5F9-48A2EBC6920D}"
EndProject
Global
	GlobalSection(SolutionConfigurationPlatforms) = preSolution
		Debug|Any CPU = Debug|Any CPU
		Development|Any CPU = Development|Any CPU
		Release|Any CPU = Release|Any CPU
	EndGlobalSection
	GlobalSection(ProjectConfigurationPlatforms) = postSolution
		{D08DE1DA-7E8D-4152-B706-D310535C76FD}.Debug|Any CPU.ActiveCfg = Development
		{D08DE1DA-7E8D-4152-B706-D310535C76FD}.Debug|Any CPU.Build.0 = Development
		{D08DE1DA-7E8D-4152-B706-D310535C76FD}.Debug|Any CPU.Deploy.0 = Development
		{D08DE1DA-7E8D-4152-B706-D310535C76FD}.Development|Any CPU.ActiveCfg = Development
		{D08DE1DA-7E8D-4152-B706-D310535C76FD}.Development|Any CPU.Build.0 = Development
		{D08DE1DA-7E8D-4152-B706-D310535C76FD}.Development|Any CPU.Deploy.0 = Development
		{D08DE1DA-7E8D-4152-B706-D310535C76FD}.Release|Any CPU.ActiveCfg = Development
		{D08DE1DA-7E8D-4152-B706-D310535C76FD}.Release|Any CPU.Build.0 = Development
		{D08DE1DA-7E8D-4152-B706-D310535C76FD}.Release|Any CPU.Deploy.0 = Development
		{52F4D224-C503-4BFE-A5F9-48A2EBC6920D}.Debug|Any CPU.ActiveCfg = Debug|Any CPU
		{52F4D224-C503-4BFE-A5F9-48A2EBC6920D}.Debug|Any CPU.Build.0 = Debug|Any CPU
		{52F4D224-C503-4BFE-A5F9-48A2EBC6920D}.Debug|Any CPU.Deploy.0 = Debug|Any CPU
		{52F4D224-C503-4BFE-A5F9-48A2EBC6920D}.Development|Any CPU.ActiveCfg = Debug|Any CPU
		{52F4D224-C503-4BFE-A5F9-48A2EBC6920D}.Development|Any CPU.Build.0 = Debug|Any CPU
		{52F4D224-C503-4BFE-A5F9-48A2EBC6920D}.Development|Any CPU.Deploy.0 = Debug|Any CPU
		{52F4D224-C503-4BFE-A5F9-48A2EBC6920D}.Release|Any CPU.ActiveCfg = Release|Any CPU
		{52F4D224-C503-4BFE-A5F9-48A2EBC6920D}.Release|Any CPU.Build.0 = Release|Any CPU
		{52F4D224-C503-4BFE-A5F9-48A2EBC6920D}.Release|Any CPU.Deploy.0 = Release|Any CPU
	EndGlobalSection
	GlobalSection(SolutionProperties) = preSolution
		HideSolutionNode = FALSE
	EndGlobalSection
EndGlobal
